# This file is autogenerated, do not edit; changes may be undone by the next 'dep ensure'.


[[projects]]
  digest = "1:76dc72490af7174349349838f2fe118996381b31ea83243812a97e5a0fd5ed55"
  name = "github.com/dgrijalva/jwt-go"
  packages = ["."]
  pruneopts = "UT"
  revision = "06ea1031745cb8b3dab3f6a236daf2b0aa468b7e"
  version = "v3.2.0"

[[projects]]
  digest = "1:abeb38ade3f32a92943e5be54f55ed6d6e3b6602761d74b4aab4c9dd45c18abd"
  name = "github.com/fsnotify/fsnotify"
  packages = ["."]
  pruneopts = "UT"
  revision = "c2828203cd70a50dcccfb2761f8b1f8ceef9a8e9"
  version = "v1.4.7"

[[projects]]
  digest = "1:adea5a94903eb4384abef30f3d878dc9ff6b6b5b0722da25b82e5169216dfb61"
  name = "github.com/go-sql-driver/mysql"
  packages = ["."]
  pruneopts = "UT"
  revision = "d523deb1b23d913de5bdada721a6071e71283618"
  version = "v1.4.0"

[[projects]]
  branch = "master"
  digest = "1:8951fe6e358876736d8fa1f3992624fdbb2dec6bc49401c1381d1ef8abbb544f"
  name = "github.com/hashicorp/hcl"
  packages = [
    ".",
    "hcl/ast",
    "hcl/parser",
    "hcl/scanner",
    "hcl/strconv",
    "hcl/token",
    "json/parser",
    "json/scanner",
    "json/token",
  ]
  pruneopts = "UT"
  revision = "ef8a98b0bbce4a65b5aa4c368430a80ddc533168"

[[projects]]
  digest = "1:6479250b988e7aa6685c40c156638838ba4f6faa346d76dccc736f0792291565"
  name = "github.com/jinzhu/gorm"
  packages = [
    ".",
    "dialects/mysql",
    "dialects/postgres",
  ]
  pruneopts = "UT"
  revision = "6ed508ec6a4ecb3531899a69cbc746ccf65a4166"
  version = "v1.9.1"

[[projects]]
  branch = "master"
  digest = "1:fd97437fbb6b7dce04132cf06775bd258cce305c44add58eb55ca86c6c325160"
  name = "github.com/jinzhu/inflection"
  packages = ["."]
  pruneopts = "UT"
  revision = "04140366298a54a039076d798123ffa108fff46c"

[[projects]]
  digest = "1:ed322f61bf6c6a69a378a856f60773e2d12285e8725fa47d1effa51076e5aef3"
  name = "github.com/labstack/echo"
  packages = [
    ".",
    "middleware",
  ]
  pruneopts = "UT"
  revision = "6d227dfea4d2e52cb76856120b3c17f758139b4e"
  version = "3.3.5"

[[projects]]
  digest = "1:8a96690ad5450df849cfd664c761cb10fe9a5d5de1effaf6a85cd884e93400c9"
  name = "github.com/labstack/gommon"
  packages = [
    "bytes",
    "color",
    "log",
    "random",
  ]
  pruneopts = "UT"
  revision = "d6898124de917583f5ff5592ef931d1dfe0ddc05"
  version = "0.2.6"

[[projects]]
  branch = "master"
  digest = "1:defb20f3cbe2ee567752a32f4f5a41ed22d648654545147fb5c94e28beec3fca"
  name = "github.com/lib/pq"
  packages = [
    ".",
    "hstore",
    "oid",
  ]
  pruneopts = "UT"
  revision = "90697d60dd844d5ef6ff15135d0203f65d2f53b8"

[[projects]]
  digest = "1:c568d7727aa262c32bdf8a3f7db83614f7af0ed661474b24588de635c20024c7"
  name = "github.com/magiconair/properties"
  packages = ["."]
  pruneopts = "UT"
  revision = "c2353362d570a7bfa228149c62842019201cfb71"
  version = "v1.8.0"

[[projects]]
  digest = "1:c658e84ad3916da105a761660dcaeb01e63416c8ec7bc62256a9b411a05fcd67"
  name = "github.com/mattn/go-colorable"
  packages = ["."]
  pruneopts = "UT"
  revision = "167de6bfdfba052fa6b2d3664c8f5272e23c9072"
  version = "v0.0.9"

[[projects]]
  digest = "1:d4d17353dbd05cb52a2a52b7fe1771883b682806f68db442b436294926bbfafb"
  name = "github.com/mattn/go-isatty"
  packages = ["."]
  pruneopts = "UT"
  revision = "0360b2af4f38e8d38c7fce2a9f4e702702d73a39"
  version = "v0.0.3"

[[projects]]
  branch = "master"
  digest = "1:5ab79470a1d0fb19b041a624415612f8236b3c06070161a910562f2b2d064355"
  name = "github.com/mitchellh/mapstructure"
  packages = ["."]
  pruneopts = "UT"
  revision = "f15292f7a699fcc1a38a80977f80a046874ba8ac"

[[projects]]
  digest = "1:95741de3af260a92cc5c7f3f3061e85273f5a81b5db20d4bd68da74bd521675e"
  name = "github.com/pelletier/go-toml"
  packages = ["."]
  pruneopts = "UT"
  revision = "c01d1270ff3e442a8a57cddc1c92dc1138598194"
  version = "v1.2.0"

[[projects]]
  digest = "1:37ace7f35375adec11634126944bdc45a673415e2fcc07382d03b75ec76ea94c"
  name = "github.com/spf13/afero"
  packages = [
    ".",
    "mem",
  ]
  pruneopts = "UT"
  revision = "787d034dfe70e44075ccc060d346146ef53270ad"
  version = "v1.1.1"

[[projects]]
  branch = "master"
  digest = "1:080e5f630945ad754f4b920e60b4d3095ba0237ebf88dc462eb28002932e3805"
  name = "github.com/spf13/jwalterweatherman"
  packages = ["."]
  pruneopts = "UT"
  revision = "7c0cea34c8ece3fbeb2b27ab9b59511d360fb394"

[[projects]]
  digest = "1:9424f440bba8f7508b69414634aef3b2b3a877e522d8a4624692412805407bb7"
  name = "github.com/spf13/pflag"
  packages = ["."]
  pruneopts = "UT"
  revision = "583c0c0531f06d5278b7d917446061adc344b5cd"
  version = "v1.0.1"

[[projects]]
  branch = "master"
  digest = "1:c468422f334a6b46a19448ad59aaffdfc0a36b08fdcc1c749a0b29b6453d7e59"
  name = "github.com/valyala/bytebufferpool"
  packages = ["."]
  pruneopts = "UT"
  revision = "e746df99fe4a3986f4d4f79e13c1e0117ce9c2f7"

[[projects]]
  branch = "master"
  digest = "1:268b8bce0064e8c057d7b913605459f9a26dcab864c0886a56d196540fbf003f"
  name = "github.com/valyala/fasttemplate"
  packages = ["."]
  pruneopts = "UT"
  revision = "dcecefd839c4193db0d35b88ec65b4c12d360ab0"

[[projects]]
  digest = "1:16880c4dc9d7482bad0240b0aae055efc194b4ca152187cb553e616a2a4393b1"
  name = "gl.tzv.io/spf13/cast"
  packages = ["."]
  pruneopts = "UT"
  revision = "ce135a4ebeee6cfe9a26c93ee0d37825f26113c7"
  version = "v1.0.0"

[[projects]]
  branch = "master"
  digest = "1:47e0c344c4dc534fcd51999dda7607608307d2dcae0e27dbccb82f21537cf1fb"
  name = "gl.tzv.io/spf13/viper"
  packages = ["."]
  pruneopts = "UT"
  revision = "f1b07f75fe6afbffa05dde65ec1a8fca587b6bde"

[[projects]]
  branch = "master"
  digest = "1:efe0afae2aa44f3983a82c99ebd8548a8c0cc5085f1759958c3862d41e738d14"
  name = "golang.org/x/crypto"
  packages = [
    "acme",
    "acme/autocert",
  ]
  pruneopts = "UT"
  revision = "a2144134853fc9a27a7b1e3eb4f19f1a76df13c9"

[[projects]]
  branch = "master"
  digest = "1:d773e525476aefa22ea944a5425a9bfb99819b2e67eeb9b1966454fd57522bbf"
  name = "golang.org/x/sys"
  packages = ["unix"]
  pruneopts = "UT"
  revision = "ac767d655b305d4e9612f5f6e33120b9176c4ad4"

[[projects]]
  digest = "1:038003d098ffc345c4c5c6d47bcc6920b2649ee0c0d557162e54e75c76cadf8b"
  name = "golang.org/x/text"
  packages = [
    "internal/gen",
    "internal/triegen",
    "internal/ucd",
    "transform",
    "unicode/cldr",
    "unicode/norm",
  ]
  pruneopts = "UT"
  revision = "f21a4dfb5e38f5895301dc265a8def02365cc3d0"
  version = "v0.3.0"

[[projects]]
  digest = "1:c25289f43ac4a68d88b02245742347c94f1e108c534dda442188015ff80669b3"
  name = "google.golang.org/appengine"
  packages = ["cloudsql"]
  pruneopts = "UT"
  revision = "b1f26356af11148e710935ed1ac8a7f5702c7612"
  version = "v1.1.0"

[[projects]]
  branch = "v1"
  digest = "1:3443b1423511a78a2108f907e8ab347e3e16db19b2ab6d3219d75d88839757c1"
  name = "gopkg.in/bsm/ratelimit.v1"
  packages = ["."]
  pruneopts = "UT"
  revision = "db14e161995a5177acef654cb0dd785e8ee8bc22"

[[projects]]
  branch = "v2"
  digest = "1:29bf5c8251ed1689ddb48fa672d6154694cd4a43975e69f151507e67071e3741"
  name = "gopkg.in/mgo.v2"
  packages = [
    ".",
    "bson",
    "internal/json",
    "internal/sasl",
    "internal/scram",
  ]
  pruneopts = "UT"
  revision = "9856a29383ce1c59f308dd1cf0363a79b5bef6b5"

[[projects]]
  digest = "1:7c5f5124c29d7ed2db65244239a60d4ce4bab6dda1097ab87a09397342feb0ee"
  name = "gopkg.in/redis.v3"
  packages = [
    ".",
    "internal",
    "internal/consistenthash",
    "internal/hashtag",
    "internal/pool",
  ]
  pruneopts = "UT"
  revision = "b5e368500d0a508ef8f16e9c2d4025a8a46bcc29"
  version = "v3.6.4"

[[projects]]
  digest = "1:342378ac4dcb378a5448dd723f0784ae519383532f5e70ade24132c4c8693202"
  name = "gopkg.in/yaml.v2"
  packages = ["."]
  pruneopts = "UT"
  revision = "5420a8b6744d3b0345ab293f6fcba19c978f1183"
  version = "v2.2.1"

[solve-meta]
  analyzer-name = "dep"
  analyzer-version = 1
  input-imports = [
    "github.com/fsnotify/fsnotify",
    "github.com/go-sql-driver/mysql",
    "github.com/jinzhu/gorm",
    "github.com/jinzhu/gorm/dialects/mysql",
    "github.com/jinzhu/gorm/dialects/postgres",
    "github.com/labstack/echo",
    "github.com/labstack/echo/middleware",
    "github.com/lib/pq",
    "gl.tzv.io/spf13/viper",
    "gopkg.in/mgo.v2",
    "gopkg.in/redis.v3",
  ]
  solver-name = "gps-cdcl"
  solver-version = 1
